
Microsoft Visual Studio Solution File, Format Version 12.00
# Visual Studio Version 17
VisualStudioVersion = 17.6.33723.286
MinimumVisualStudioVersion = 10.0.40219.1
Project("{FAE04EC0-301F-11D3-BF4B-00C04F79EFBC}") = "01. TBC", "01. TBC\01. TBC.csproj", "{7C3296F0-6AC5-4063-B0D6-C3E7A8406D6E}"
EndProject
Project("{FAE04EC0-301F-11D3-BF4B-00C04F79EFBC}") = "02. Socks", "02. Socks\02. Socks.csproj", "{9288225C-166E-467D-A5F2-3ECFD3910685}"
EndProject
Project("{FAE04EC0-301F-11D3-BF4B-00C04F79EFBC}") = "03. Path Finder", "03. Path Finder\03. Path Finder.csproj", "{C39EB11A-3C26-4B4E-9AB7-2C7D22182E0A}"
EndProject
Global
	GlobalSection(SolutionConfigurationPlatforms) = preSolution
		Debug|Any CPU = Debug|Any CPU
		Release|Any CPU = Release|Any CPU
	EndGlobalSection
	GlobalSection(ProjectConfigurationPlatforms) = postSolution
		{7C3296F0-6AC5-4063-B0D6-C3E7A8406D6E}.Debug|Any CPU.ActiveCfg = Debug|Any CPU
		{7C3296F0-6AC5-4063-B0D6-C3E7A8406D6E}.Debug|Any CPU.Build.0 = Debug|Any CPU
		{7C3296F0-6AC5-4063-B0D6-C3E7A8406D6E}.Release|Any CPU.ActiveCfg = Release|Any CPU
		{7C3296F0-6AC5-4063-B0D6-C3E7A8406D6E}.Release|Any CPU.Build.0 = Release|Any CPU
		{9288225C-166E-467D-A5F2-3ECFD3910685}.Debug|Any CPU.ActiveCfg = Debug|Any CPU
		{9288225C-166E-467D-A5F2-3ECFD3910685}.Debug|Any CPU.Build.0 = Debug|Any CPU
		{9288225C-166E-467D-A5F2-3ECFD3910685}.Release|Any CPU.ActiveCfg = Release|Any CPU
		{9288225C-166E-467D-A5F2-3ECFD3910685}.Release|Any CPU.Build.0 = Release|Any CPU
		{C39EB11A-3C26-4B4E-9AB7-2C7D22182E0A}.Debug|Any CPU.ActiveCfg = Debug|Any CPU
		{C39EB11A-3C26-4B4E-9AB7-2C7D22182E0A}.Debug|Any CPU.Build.0 = Debug|Any CPU
		{C39EB11A-3C26-4B4E-9AB7-2C7D22182E0A}.Release|Any CPU.ActiveCfg = Release|Any CPU
		{C39EB11A-3C26-4B4E-9AB7-2C7D22182E0A}.Release|Any CPU.Build.0 = Release|Any CPU
	EndGlobalSection
	GlobalSection(SolutionProperties) = preSolution
		HideSolutionNode = FALSE
	EndGlobalSection
	GlobalSection(ExtensibilityGlobals) = postSolution
		SolutionGuid = {471FD23B-73E0-4880-B2BE-72F23C320A72}
	EndGlobalSection
EndGlobal
