
Microsoft Visual Studio Solution File, Format Version 12.00
# Visual Studio Version 17
VisualStudioVersion = 17.6.33723.286
MinimumVisualStudioVersion = 10.0.40219.1
Project("{FAE04EC0-301F-11D3-BF4B-00C04F79EFBC}") = "01. Two Minutes to Midnight", "01. Two Minutes to Midnight\01. Two Minutes to Midnight.csproj", "{F7B627BE-5FE6-4D29-ACE8-8C89C2854053}"
EndProject
Project("{FAE04EC0-301F-11D3-BF4B-00C04F79EFBC}") = "02. Time", "02. Time\02. Time.csproj", "{B944C262-DC5E-4928-A678-8C3ECF032C1E}"
EndProject
Project("{FAE04EC0-301F-11D3-BF4B-00C04F79EFBC}") = "03. The Story Telling", "03. The Story Telling\03. The Story Telling.csproj", "{7959E5CB-0985-4A15-B2F0-79436F019207}"
EndProject
Global
	GlobalSection(SolutionConfigurationPlatforms) = preSolution
		Debug|Any CPU = Debug|Any CPU
		Release|Any CPU = Release|Any CPU
	EndGlobalSection
	GlobalSection(ProjectConfigurationPlatforms) = postSolution
		{F7B627BE-5FE6-4D29-ACE8-8C89C2854053}.Debug|Any CPU.ActiveCfg = Debug|Any CPU
		{F7B627BE-5FE6-4D29-ACE8-8C89C2854053}.Debug|Any CPU.Build.0 = Debug|Any CPU
		{F7B627BE-5FE6-4D29-ACE8-8C89C2854053}.Release|Any CPU.ActiveCfg = Release|Any CPU
		{F7B627BE-5FE6-4D29-ACE8-8C89C2854053}.Release|Any CPU.Build.0 = Release|Any CPU
		{B944C262-DC5E-4928-A678-8C3ECF032C1E}.Debug|Any CPU.ActiveCfg = Debug|Any CPU
		{B944C262-DC5E-4928-A678-8C3ECF032C1E}.Debug|Any CPU.Build.0 = Debug|Any CPU
		{B944C262-DC5E-4928-A678-8C3ECF032C1E}.Release|Any CPU.ActiveCfg = Release|Any CPU
		{B944C262-DC5E-4928-A678-8C3ECF032C1E}.Release|Any CPU.Build.0 = Release|Any CPU
		{7959E5CB-0985-4A15-B2F0-79436F019207}.Debug|Any CPU.ActiveCfg = Debug|Any CPU
		{7959E5CB-0985-4A15-B2F0-79436F019207}.Debug|Any CPU.Build.0 = Debug|Any CPU
		{7959E5CB-0985-4A15-B2F0-79436F019207}.Release|Any CPU.ActiveCfg = Release|Any CPU
		{7959E5CB-0985-4A15-B2F0-79436F019207}.Release|Any CPU.Build.0 = Release|Any CPU
	EndGlobalSection
	GlobalSection(SolutionProperties) = preSolution
		HideSolutionNode = FALSE
	EndGlobalSection
	GlobalSection(ExtensibilityGlobals) = postSolution
		SolutionGuid = {8E9F0519-174D-4BA1-AFBB-0BFDE95C6C18}
	EndGlobalSection
EndGlobal
