
Microsoft Visual Studio Solution File, Format Version 12.00
# Visual Studio Version 17
VisualStudioVersion = 17.6.33723.286
MinimumVisualStudioVersion = 10.0.40219.1
Project("{FAE04EC0-301F-11D3-BF4B-00C04F79EFBC}") = "01. Super Set", "01. Super Set\01. Super Set.csproj", "{833A9B8F-56C0-40A7-BB62-BAAC466040D5}"
EndProject
Project("{FAE04EC0-301F-11D3-BF4B-00C04F79EFBC}") = "02. Paths", "02. Paths\02. Paths.csproj", "{C0C48FF2-0F44-485F-98F5-082FE605B489}"
EndProject
Project("{FAE04EC0-301F-11D3-BF4B-00C04F79EFBC}") = "03. Climbing", "03. Climbing\03. Climbing.csproj", "{84FB0199-9C35-41B9-ACBC-C3DE84BF6776}"
EndProject
Global
	GlobalSection(SolutionConfigurationPlatforms) = preSolution
		Debug|Any CPU = Debug|Any CPU
		Release|Any CPU = Release|Any CPU
	EndGlobalSection
	GlobalSection(ProjectConfigurationPlatforms) = postSolution
		{833A9B8F-56C0-40A7-BB62-BAAC466040D5}.Debug|Any CPU.ActiveCfg = Debug|Any CPU
		{833A9B8F-56C0-40A7-BB62-BAAC466040D5}.Debug|Any CPU.Build.0 = Debug|Any CPU
		{833A9B8F-56C0-40A7-BB62-BAAC466040D5}.Release|Any CPU.ActiveCfg = Release|Any CPU
		{833A9B8F-56C0-40A7-BB62-BAAC466040D5}.Release|Any CPU.Build.0 = Release|Any CPU
		{C0C48FF2-0F44-485F-98F5-082FE605B489}.Debug|Any CPU.ActiveCfg = Debug|Any CPU
		{C0C48FF2-0F44-485F-98F5-082FE605B489}.Debug|Any CPU.Build.0 = Debug|Any CPU
		{C0C48FF2-0F44-485F-98F5-082FE605B489}.Release|Any CPU.ActiveCfg = Release|Any CPU
		{C0C48FF2-0F44-485F-98F5-082FE605B489}.Release|Any CPU.Build.0 = Release|Any CPU
		{84FB0199-9C35-41B9-ACBC-C3DE84BF6776}.Debug|Any CPU.ActiveCfg = Debug|Any CPU
		{84FB0199-9C35-41B9-ACBC-C3DE84BF6776}.Debug|Any CPU.Build.0 = Debug|Any CPU
		{84FB0199-9C35-41B9-ACBC-C3DE84BF6776}.Release|Any CPU.ActiveCfg = Release|Any CPU
		{84FB0199-9C35-41B9-ACBC-C3DE84BF6776}.Release|Any CPU.Build.0 = Release|Any CPU
	EndGlobalSection
	GlobalSection(SolutionProperties) = preSolution
		HideSolutionNode = FALSE
	EndGlobalSection
	GlobalSection(ExtensibilityGlobals) = postSolution
		SolutionGuid = {E702CD7B-2163-4CDE-9A48-A0833642CD83}
	EndGlobalSection
EndGlobal
